
Microsoft Visual Studio Solution File, Format Version 12.00
# Visual Studio Version 17
VisualStudioVersion = 17.3.32819.101
MinimumVisualStudioVersion = 10.0.40219.1
Project("{FAE04EC0-301F-11D3-BF4B-00C04F79EFBC}") = "MVVMLearn", "MVVMLearn\MVVMLearn.csproj", "{1DAEE2E9-F10C-4F34-860B-E3E5FE8034ED}"
EndProject
Global
	GlobalSection(SolutionConfigurationPlatforms) = preSolution
		Debug|Any CPU = Debug|Any CPU
		Release|Any CPU = Release|Any CPU
	EndGlobalSection
	GlobalSection(ProjectConfigurationPlatforms) = postSolution
		{1DAEE2E9-F10C-4F34-860B-E3E5FE8034ED}.Debug|Any CPU.ActiveCfg = Debug|Any CPU
		{1DAEE2E9-F10C-4F34-860B-E3E5FE8034ED}.Debug|Any CPU.Build.0 = Debug|Any CPU
		{1DAEE2E9-F10C-4F34-860B-E3E5FE8034ED}.Release|Any CPU.ActiveCfg = Release|Any CPU
		{1DAEE2E9-F10C-4F34-860B-E3E5FE8034ED}.Release|Any CPU.Build.0 = Release|Any CPU
	EndGlobalSection
	GlobalSection(SolutionProperties) = preSolution
		HideSolutionNode = FALSE
	EndGlobalSection
	GlobalSection(ExtensibilityGlobals) = postSolution
		SolutionGuid = {891F7626-E209-4669-AA04-0843C8235879}
	EndGlobalSection
EndGlobal
